
Microsoft Visual Studio Solution File, Format Version 11.00
# Visual C# Express 2010
Project("{FAE04EC0-301F-11D3-BF4B-00C04F79EFBC}") = "speakersetup", "speakersetup.csproj", "{6B558A67-0CAD-49B9-916F-77BF4A1E31CD}"
EndProject
Global
	GlobalSection(SolutionConfigurationPlatforms) = preSolution
		Debug|Any CPU = Debug|Any CPU
		Release|Any CPU = Release|Any CPU
	EndGlobalSection
	GlobalSection(ProjectConfigurationPlatforms) = postSolution
		{6B558A67-0CAD-49B9-916F-77BF4A1E31CD}.Debug|Any CPU.ActiveCfg = Debug|Any CPU
		{6B558A67-0CAD-49B9-916F-77BF4A1E31CD}.Debug|Any CPU.Build.0 = Debug|Any CPU
		{6B558A67-0CAD-49B9-916F-77BF4A1E31CD}.Release|Any CPU.ActiveCfg = Release|Any CPU
		{6B558A67-0CAD-49B9-916F-77BF4A1E31CD}.Release|Any CPU.Build.0 = Release|Any CPU
	EndGlobalSection
	GlobalSection(SolutionProperties) = preSolution
		HideSolutionNode = FALSE
	EndGlobalSection
EndGlobal
